
Microsoft Visual Studio Solution File, Format Version 12.00
# Visual Studio Version 16
VisualStudioVersion = 16.0.29728.190
MinimumVisualStudioVersion = 10.0.40219.1
Project("{FAE04EC0-301F-11D3-BF4B-00C04F79EFBC}") = "ConsoleUI", "ConsoleUI\ConsoleUI.csproj", "{304601EB-A854-4C94-A994-B5869EA737D3}"
EndProject
Project("{FAE04EC0-301F-11D3-BF4B-00C04F79EFBC}") = "TextAdventureLib", "TextAdventureLib\TextAdventureLib.csproj", "{F3AF2E09-26CD-4EA4-9A50-247D00694F62}"
EndProject
Project("{FAE04EC0-301F-11D3-BF4B-00C04F79EFBC}") = "WPFUI", "WPFUI\WPFUI.csproj", "{93031CD8-D647-49E0-8730-E6552DD1A68F}"
EndProject
Project("{FAE04EC0-301F-11D3-BF4B-00C04F79EFBC}") = "Engine", "Engine\Engine.csproj", "{8116F2F3-95EB-44A7-B3B5-411021A19DC5}"
EndProject
Project("{FAE04EC0-301F-11D3-BF4B-00C04F79EFBC}") = "WinFormUI", "WinFormUI\WinFormUI.csproj", "{9B8A7A72-A693-4555-8FC4-8F8F1C4CD112}"
EndProject
Global
	GlobalSection(SolutionConfigurationPlatforms) = preSolution
		Debug|Any CPU = Debug|Any CPU
		Release|Any CPU = Release|Any CPU
	EndGlobalSection
	GlobalSection(ProjectConfigurationPlatforms) = postSolution
		{304601EB-A854-4C94-A994-B5869EA737D3}.Debug|Any CPU.ActiveCfg = Debug|Any CPU
		{304601EB-A854-4C94-A994-B5869EA737D3}.Debug|Any CPU.Build.0 = Debug|Any CPU
		{304601EB-A854-4C94-A994-B5869EA737D3}.Release|Any CPU.ActiveCfg = Release|Any CPU
		{304601EB-A854-4C94-A994-B5869EA737D3}.Release|Any CPU.Build.0 = Release|Any CPU
		{F3AF2E09-26CD-4EA4-9A50-247D00694F62}.Debug|Any CPU.ActiveCfg = Debug|Any CPU
		{F3AF2E09-26CD-4EA4-9A50-247D00694F62}.Debug|Any CPU.Build.0 = Debug|Any CPU
		{F3AF2E09-26CD-4EA4-9A50-247D00694F62}.Release|Any CPU.ActiveCfg = Release|Any CPU
		{F3AF2E09-26CD-4EA4-9A50-247D00694F62}.Release|Any CPU.Build.0 = Release|Any CPU
		{93031CD8-D647-49E0-8730-E6552DD1A68F}.Debug|Any CPU.ActiveCfg = Debug|Any CPU
		{93031CD8-D647-49E0-8730-E6552DD1A68F}.Debug|Any CPU.Build.0 = Debug|Any CPU
		{93031CD8-D647-49E0-8730-E6552DD1A68F}.Release|Any CPU.ActiveCfg = Release|Any CPU
		{93031CD8-D647-49E0-8730-E6552DD1A68F}.Release|Any CPU.Build.0 = Release|Any CPU
		{8116F2F3-95EB-44A7-B3B5-411021A19DC5}.Debug|Any CPU.ActiveCfg = Debug|Any CPU
		{8116F2F3-95EB-44A7-B3B5-411021A19DC5}.Debug|Any CPU.Build.0 = Debug|Any CPU
		{8116F2F3-95EB-44A7-B3B5-411021A19DC5}.Release|Any CPU.ActiveCfg = Release|Any CPU
		{8116F2F3-95EB-44A7-B3B5-411021A19DC5}.Release|Any CPU.Build.0 = Release|Any CPU
		{9B8A7A72-A693-4555-8FC4-8F8F1C4CD112}.Debug|Any CPU.ActiveCfg = Debug|Any CPU
		{9B8A7A72-A693-4555-8FC4-8F8F1C4CD112}.Debug|Any CPU.Build.0 = Debug|Any CPU
		{9B8A7A72-A693-4555-8FC4-8F8F1C4CD112}.Release|Any CPU.ActiveCfg = Release|Any CPU
		{9B8A7A72-A693-4555-8FC4-8F8F1C4CD112}.Release|Any CPU.Build.0 = Release|Any CPU
	EndGlobalSection
	GlobalSection(SolutionProperties) = preSolution
		HideSolutionNode = FALSE
	EndGlobalSection
	GlobalSection(ExtensibilityGlobals) = postSolution
		SolutionGuid = {02974451-51E1-483E-8E92-F533C85FAC0C}
	EndGlobalSection
EndGlobal
